// !$*UTF8*$!
{
	archiveVersion = 1;
	classes = {
	};
	objectVersion = 51;
	objects = {

/* Begin PBXBuildFile section */
		34FDE79979F3A5D15DBDFB85 /* Pods_TodaysInabaMVVM_TodaysInabaMVVMUITests.framework in Frameworks */ = {isa = PBXBuildFile; fileRef = AF0814754AD32E531BBFB51D /* Pods_TodaysInabaMVVM_TodaysInabaMVVMUITests.framework */; };
		5180EA468B956CDB6EBFA079 /* Pods_TodaysInabaMVVM.framework in Frameworks */ = {isa = PBXBuildFile; fileRef = 599CC9EFA783F38AD1E62897 /* Pods_TodaysInabaMVVM.framework */; };
		59358CF225205E2E004E39F7 /* AppDelegate.swift in Sources */ = {isa = PBXBuildFile; fileRef = 59358CF125205E2E004E39F7 /* AppDelegate.swift */; };
		59358CF425205E2E004E39F7 /* SceneDelegate.swift in Sources */ = {isa = PBXBuildFile; fileRef = 59358CF325205E2E004E39F7 /* SceneDelegate.swift */; };
		59358CF625205E2E004E39F7 /* ViewController.swift in Sources */ = {isa = PBXBuildFile; fileRef = 59358CF525205E2E004E39F7 /* ViewController.swift */; };
		59358CF925205E2E004E39F7 /* Main.storyboard in Resources */ = {isa = PBXBuildFile; fileRef = 59358CF725205E2E004E39F7 /* Main.storyboard */; };
		59358CFB25205E2F004E39F7 /* Assets.xcassets in Resources */ = {isa = PBXBuildFile; fileRef = 59358CFA25205E2F004E39F7 /* Assets.xcassets */; };
		59358CFE25205E2F004E39F7 /* LaunchScreen.storyboard in Resources */ = {isa = PBXBuildFile; fileRef = 59358CFC25205E2F004E39F7 /* LaunchScreen.storyboard */; };
		59358D0925205E2F004E39F7 /* TodaysInabaMVVMTests.swift in Sources */ = {isa = PBXBuildFile; fileRef = 59358D0825205E2F004E39F7 /* TodaysInabaMVVMTests.swift */; };
		59358D1425205E2F004E39F7 /* TodaysInabaMVVMUITests.swift in Sources */ = {isa = PBXBuildFile; fileRef = 59358D1325205E2F004E39F7 /* TodaysInabaMVVMUITests.swift */; };
		5937E217269DE9D100189BD6 /* ImageSearchStore.swift in Sources */ = {isa = PBXBuildFile; fileRef = 5937E216269DE9D100189BD6 /* ImageSearchStore.swift */; };
		5973C630269FE01A0076B0B4 /* APIConst.swift in Sources */ = {isa = PBXBuildFile; fileRef = 5973C62F269FE01A0076B0B4 /* APIConst.swift */; };
		5973C636269FE5640076B0B4 /* TodaysInabaConst.swift in Sources */ = {isa = PBXBuildFile; fileRef = 5973C635269FE5640076B0B4 /* TodaysInabaConst.swift */; };
		59B382F22530E4BD00EA3E20 /* UserDefaultsModel.swift in Sources */ = {isa = PBXBuildFile; fileRef = 59B382F12530E4BD00EA3E20 /* UserDefaultsModel.swift */; };
		59B382F725318DB900EA3E20 /* HistoryView.swift in Sources */ = {isa = PBXBuildFile; fileRef = 59B382F625318DB900EA3E20 /* HistoryView.swift */; };
		59B3832D2531A44200EA3E20 /* HistoryViewModel.swift in Sources */ = {isa = PBXBuildFile; fileRef = 59B3832C2531A44200EA3E20 /* HistoryViewModel.swift */; };
		59B383502531FF7100EA3E20 /* Extension+Storyboard.swift in Sources */ = {isa = PBXBuildFile; fileRef = 59B3834F2531FF7100EA3E20 /* Extension+Storyboard.swift */; };
		59CE3D9D253083B1006C617B /* ResultViewModel.swift in Sources */ = {isa = PBXBuildFile; fileRef = 59CE3D9C253083B1006C617B /* ResultViewModel.swift */; };
		59CE3DA2253084D2006C617B /* ResultViewController.swift in Sources */ = {isa = PBXBuildFile; fileRef = 59CE3DA1253084D2006C617B /* ResultViewController.swift */; };
		59CE3DA7253084E1006C617B /* ResultViewController.storyboard in Resources */ = {isa = PBXBuildFile; fileRef = 59CE3DA6253084E1006C617B /* ResultViewController.storyboard */; };
		59EF3104252E140800D47DE3 /* ImageSearchAPI.swift in Sources */ = {isa = PBXBuildFile; fileRef = 59EF3103252E140800D47DE3 /* ImageSearchAPI.swift */; };
		59EF3109252E14D200D47DE3 /* TopViewModel.swift in Sources */ = {isa = PBXBuildFile; fileRef = 59EF3108252E14D200D47DE3 /* TopViewModel.swift */; };
		59EF310E252E187C00D47DE3 /* ImageSearchRepository.swift in Sources */ = {isa = PBXBuildFile; fileRef = 59EF310D252E187C00D47DE3 /* ImageSearchRepository.swift */; };
		59EF3113252E1C0300D47DE3 /* ImageSearch.swift in Sources */ = {isa = PBXBuildFile; fileRef = 59EF3112252E1C0300D47DE3 /* ImageSearch.swift */; };
		9686CAFCF7FEB0D83F0BA14B /* Pods_TodaysInabaMVVMTests.framework in Frameworks */ = {isa = PBXBuildFile; fileRef = 4351B8F6F5E6E6E8E85389BC /* Pods_TodaysInabaMVVMTests.framework */; };
/* End PBXBuildFile section */

/* Begin PBXContainerItemProxy section */
		59358D0525205E2F004E39F7 /* PBXContainerItemProxy */ = {
			isa = PBXContainerItemProxy;
			containerPortal = 59358CE625205E2E004E39F7 /* Project object */;
			proxyType = 1;
			remoteGlobalIDString = 59358CED25205E2E004E39F7;
			remoteInfo = TodaysInabaMVVM;
		};
		59358D1025205E2F004E39F7 /* PBXContainerItemProxy */ = {
			isa = PBXContainerItemProxy;
			containerPortal = 59358CE625205E2E004E39F7 /* Project object */;
			proxyType = 1;
			remoteGlobalIDString = 59358CED25205E2E004E39F7;
			remoteInfo = TodaysInabaMVVM;
		};
/* End PBXContainerItemProxy section */

/* Begin PBXFileReference section */
		11374CB8163444956504D6F9 /* Pods-TodaysInabaMVVM-TodaysInabaMVVMUITests.release.xcconfig */ = {isa = PBXFileReference; includeInIndex = 1; lastKnownFileType = text.xcconfig; name = "Pods-TodaysInabaMVVM-TodaysInabaMVVMUITests.release.xcconfig"; path = "Target Support Files/Pods-TodaysInabaMVVM-TodaysInabaMVVMUITests/Pods-TodaysInabaMVVM-TodaysInabaMVVMUITests.release.xcconfig"; sourceTree = "<group>"; };
		4351B8F6F5E6E6E8E85389BC /* Pods_TodaysInabaMVVMTests.framework */ = {isa = PBXFileReference; explicitFileType = wrapper.framework; includeInIndex = 0; path = Pods_TodaysInabaMVVMTests.framework; sourceTree = BUILT_PRODUCTS_DIR; };
		59358CEE25205E2E004E39F7 /* TodaysInabaMVVM.app */ = {isa = PBXFileReference; explicitFileType = wrapper.application; includeInIndex = 0; path = TodaysInabaMVVM.app; sourceTree = BUILT_PRODUCTS_DIR; };
		59358CF125205E2E004E39F7 /* AppDelegate.swift */ = {isa = PBXFileReference; lastKnownFileType = sourcecode.swift; path = AppDelegate.swift; sourceTree = "<group>"; };
		59358CF325205E2E004E39F7 /* SceneDelegate.swift */ = {isa = PBXFileReference; lastKnownFileType = sourcecode.swift; path = SceneDelegate.swift; sourceTree = "<group>"; };
		59358CF525205E2E004E39F7 /* ViewController.swift */ = {isa = PBXFileReference; lastKnownFileType = sourcecode.swift; path = ViewController.swift; sourceTree = "<group>"; };
		59358CF825205E2E004E39F7 /* Base */ = {isa = PBXFileReference; lastKnownFileType = file.storyboard; name = Base; path = Base.lproj/Main.storyboard; sourceTree = "<group>"; };
		59358CFA25205E2F004E39F7 /* Assets.xcassets */ = {isa = PBXFileReference; lastKnownFileType = folder.assetcatalog; path = Assets.xcassets; sourceTree = "<group>"; };
		59358CFD25205E2F004E39F7 /* Base */ = {isa = PBXFileReference; lastKnownFileType = file.storyboard; name = Base; path = Base.lproj/LaunchScreen.storyboard; sourceTree = "<group>"; };
		59358CFF25205E2F004E39F7 /* Info.plist */ = {isa = PBXFileReference; lastKnownFileType = text.plist.xml; path = Info.plist; sourceTree = "<group>"; };
		59358D0425205E2F004E39F7 /* TodaysInabaMVVMTests.xctest */ = {isa = PBXFileReference; explicitFileType = wrapper.cfbundle; includeInIndex = 0; path = TodaysInabaMVVMTests.xctest; sourceTree = BUILT_PRODUCTS_DIR; };
		59358D0825205E2F004E39F7 /* TodaysInabaMVVMTests.swift */ = {isa = PBXFileReference; lastKnownFileType = sourcecode.swift; path = TodaysInabaMVVMTests.swift; sourceTree = "<group>"; };
		59358D0A25205E2F004E39F7 /* Info.plist */ = {isa = PBXFileReference; lastKnownFileType = text.plist.xml; path = Info.plist; sourceTree = "<group>"; };
		59358D0F25205E2F004E39F7 /* TodaysInabaMVVMUITests.xctest */ = {isa = PBXFileReference; explicitFileType = wrapper.cfbundle; includeInIndex = 0; path = TodaysInabaMVVMUITests.xctest; sourceTree = BUILT_PRODUCTS_DIR; };
		59358D1325205E2F004E39F7 /* TodaysInabaMVVMUITests.swift */ = {isa = PBXFileReference; lastKnownFileType = sourcecode.swift; path = TodaysInabaMVVMUITests.swift; sourceTree = "<group>"; };
		59358D1525205E2F004E39F7 /* Info.plist */ = {isa = PBXFileReference; lastKnownFileType = text.plist.xml; path = Info.plist; sourceTree = "<group>"; };
		5937E216269DE9D100189BD6 /* ImageSearchStore.swift */ = {isa = PBXFileReference; lastKnownFileType = sourcecode.swift; path = ImageSearchStore.swift; sourceTree = "<group>"; };
		5973C62F269FE01A0076B0B4 /* APIConst.swift */ = {isa = PBXFileReference; lastKnownFileType = sourcecode.swift; path = APIConst.swift; sourceTree = "<group>"; };
		5973C635269FE5640076B0B4 /* TodaysInabaConst.swift */ = {isa = PBXFileReference; lastKnownFileType = sourcecode.swift; path = TodaysInabaConst.swift; sourceTree = "<group>"; };
		599CC9EFA783F38AD1E62897 /* Pods_TodaysInabaMVVM.framework */ = {isa = PBXFileReference; explicitFileType = wrapper.framework; includeInIndex = 0; path = Pods_TodaysInabaMVVM.framework; sourceTree = BUILT_PRODUCTS_DIR; };
		59B382F12530E4BD00EA3E20 /* UserDefaultsModel.swift */ = {isa = PBXFileReference; lastKnownFileType = sourcecode.swift; path = UserDefaultsModel.swift; sourceTree = "<group>"; };
		59B382F625318DB900EA3E20 /* HistoryView.swift */ = {isa = PBXFileReference; lastKnownFileType = sourcecode.swift; path = HistoryView.swift; sourceTree = "<group>"; };
		59B3832C2531A44200EA3E20 /* HistoryViewModel.swift */ = {isa = PBXFileReference; lastKnownFileType = sourcecode.swift; path = HistoryViewModel.swift; sourceTree = "<group>"; };
		59B3834F2531FF7100EA3E20 /* Extension+Storyboard.swift */ = {isa = PBXFileReference; fileEncoding = 4; lastKnownFileType = sourcecode.swift; path = "Extension+Storyboard.swift"; sourceTree = "<group>"; };
		59CE3D9C253083B1006C617B /* ResultViewModel.swift */ = {isa = PBXFileReference; lastKnownFileType = sourcecode.swift; path = ResultViewModel.swift; sourceTree = "<group>"; };
		59CE3DA1253084D2006C617B /* ResultViewController.swift */ = {isa = PBXFileReference; lastKnownFileType = sourcecode.swift; path = ResultViewController.swift; sourceTree = "<group>"; };
		59CE3DA6253084E1006C617B /* ResultViewController.storyboard */ = {isa = PBXFileReference; lastKnownFileType = file.storyboard; path = ResultViewController.storyboard; sourceTree = "<group>"; };
		59EF3103252E140800D47DE3 /* ImageSearchAPI.swift */ = {isa = PBXFileReference; fileEncoding = 4; lastKnownFileType = sourcecode.swift; path = ImageSearchAPI.swift; sourceTree = "<group>"; };
		59EF3108252E14D200D47DE3 /* TopViewModel.swift */ = {isa = PBXFileReference; lastKnownFileType = sourcecode.swift; path = TopViewModel.swift; sourceTree = "<group>"; };
		59EF310D252E187C00D47DE3 /* ImageSearchRepository.swift */ = {isa = PBXFileReference; lastKnownFileType = sourcecode.swift; path = ImageSearchRepository.swift; sourceTree = "<group>"; };
		59EF3112252E1C0300D47DE3 /* ImageSearch.swift */ = {isa = PBXFileReference; fileEncoding = 4; lastKnownFileType = sourcecode.swift; path = ImageSearch.swift; sourceTree = "<group>"; };
		64376916FD920ED43B25C0BE /* Pods-TodaysInabaMVVMTests.release.xcconfig */ = {isa = PBXFileReference; includeInIndex = 1; lastKnownFileType = text.xcconfig; name = "Pods-TodaysInabaMVVMTests.release.xcconfig"; path = "Target Support Files/Pods-TodaysInabaMVVMTests/Pods-TodaysInabaMVVMTests.release.xcconfig"; sourceTree = "<group>"; };
		89357119DF5E700C79CD6091 /* Pods-TodaysInabaMVVMTests.debug.xcconfig */ = {isa = PBXFileReference; includeInIndex = 1; lastKnownFileType = text.xcconfig; name = "Pods-TodaysInabaMVVMTests.debug.xcconfig"; path = "Target Support Files/Pods-TodaysInabaMVVMTests/Pods-TodaysInabaMVVMTests.debug.xcconfig"; sourceTree = "<group>"; };
		9C823AFC976D57B9B45C2E70 /* Pods-TodaysInabaMVVM.release.xcconfig */ = {isa = PBXFileReference; includeInIndex = 1; lastKnownFileType = text.xcconfig; name = "Pods-TodaysInabaMVVM.release.xcconfig"; path = "Target Support Files/Pods-TodaysInabaMVVM/Pods-TodaysInabaMVVM.release.xcconfig"; sourceTree = "<group>"; };
		AF0814754AD32E531BBFB51D /* Pods_TodaysInabaMVVM_TodaysInabaMVVMUITests.framework */ = {isa = PBXFileReference; explicitFileType = wrapper.framework; includeInIndex = 0; path = Pods_TodaysInabaMVVM_TodaysInabaMVVMUITests.framework; sourceTree = BUILT_PRODUCTS_DIR; };
		FB5532AC9DABD73FF01D0F08 /* Pods-TodaysInabaMVVM-TodaysInabaMVVMUITests.debug.xcconfig */ = {isa = PBXFileReference; includeInIndex = 1; lastKnownFileType = text.xcconfig; name = "Pods-TodaysInabaMVVM-TodaysInabaMVVMUITests.debug.xcconfig"; path = "Target Support Files/Pods-TodaysInabaMVVM-TodaysInabaMVVMUITests/Pods-TodaysInabaMVVM-TodaysInabaMVVMUITests.debug.xcconfig"; sourceTree = "<group>"; };
		FE6F01E32293610FF46AA2B5 /* Pods-TodaysInabaMVVM.debug.xcconfig */ = {isa = PBXFileReference; includeInIndex = 1; lastKnownFileType = text.xcconfig; name = "Pods-TodaysInabaMVVM.debug.xcconfig"; path = "Target Support Files/Pods-TodaysInabaMVVM/Pods-TodaysInabaMVVM.debug.xcconfig"; sourceTree = "<group>"; };
/* End PBXFileReference section */

/* Begin PBXFrameworksBuildPhase section */
		59358CEB25205E2E004E39F7 /* Frameworks */ = {
			isa = PBXFrameworksBuildPhase;
			buildActionMask = 2147483647;
			files = (
				5180EA468B956CDB6EBFA079 /* Pods_TodaysInabaMVVM.framework in Frameworks */,
			);
			runOnlyForDeploymentPostprocessing = 0;
		};
		59358D0125205E2F004E39F7 /* Frameworks */ = {
			isa = PBXFrameworksBuildPhase;
			buildActionMask = 2147483647;
			files = (
				9686CAFCF7FEB0D83F0BA14B /* Pods_TodaysInabaMVVMTests.framework in Frameworks */,
			);
			runOnlyForDeploymentPostprocessing = 0;
		};
		59358D0C25205E2F004E39F7 /* Frameworks */ = {
			isa = PBXFrameworksBuildPhase;
			buildActionMask = 2147483647;
			files = (
				34FDE79979F3A5D15DBDFB85 /* Pods_TodaysInabaMVVM_TodaysInabaMVVMUITests.framework in Frameworks */,
			);
			runOnlyForDeploymentPostprocessing = 0;
		};
/* End PBXFrameworksBuildPhase section */

/* Begin PBXGroup section */
		1C613F78534D3A8C29088F11 /* Frameworks */ = {
			isa = PBXGroup;
			children = (
				599CC9EFA783F38AD1E62897 /* Pods_TodaysInabaMVVM.framework */,
				AF0814754AD32E531BBFB51D /* Pods_TodaysInabaMVVM_TodaysInabaMVVMUITests.framework */,
				4351B8F6F5E6E6E8E85389BC /* Pods_TodaysInabaMVVMTests.framework */,
			);
			name = Frameworks;
			sourceTree = "<group>";
		};
		59358CE525205E2E004E39F7 = {
			isa = PBXGroup;
			children = (
				59358CF025205E2E004E39F7 /* TodaysInabaMVVM */,
				59358D0725205E2F004E39F7 /* TodaysInabaMVVMTests */,
				59358D1225205E2F004E39F7 /* TodaysInabaMVVMUITests */,
				59358CEF25205E2E004E39F7 /* Products */,
				63ADC2091D4A969024E1CDA7 /* Pods */,
				1C613F78534D3A8C29088F11 /* Frameworks */,
			);
			sourceTree = "<group>";
		};
		59358CEF25205E2E004E39F7 /* Products */ = {
			isa = PBXGroup;
			children = (
				59358CEE25205E2E004E39F7 /* TodaysInabaMVVM.app */,
				59358D0425205E2F004E39F7 /* TodaysInabaMVVMTests.xctest */,
				59358D0F25205E2F004E39F7 /* TodaysInabaMVVMUITests.xctest */,
			);
			name = Products;
			sourceTree = "<group>";
		};
		59358CF025205E2E004E39F7 /* TodaysInabaMVVM */ = {
			isa = PBXGroup;
			children = (
				59358CF125205E2E004E39F7 /* AppDelegate.swift */,
				59358CF325205E2E004E39F7 /* SceneDelegate.swift */,
				59B320AC26A02AA60036F35F /* Extension */,
				5973C62E269FDFFB0076B0B4 /* Const */,
				5973C62D269FDFE40076B0B4 /* API */,
				5973C62C269FDFD80076B0B4 /* Entity */,
				5973C633269FE0920076B0B4 /* Repository */,
				5973C634269FE0C70076B0B4 /* Store */,
				593ED63D252E0A9D00AF0255 /* Model */,
				593ED63F252E0AAF00AF0255 /* ViewModel */,
				593ED640252E0AB800AF0255 /* View */,
				59358CFA25205E2F004E39F7 /* Assets.xcassets */,
				59358CFC25205E2F004E39F7 /* LaunchScreen.storyboard */,
				59358CFF25205E2F004E39F7 /* Info.plist */,
			);
			path = TodaysInabaMVVM;
			sourceTree = "<group>";
		};
		59358D0725205E2F004E39F7 /* TodaysInabaMVVMTests */ = {
			isa = PBXGroup;
			children = (
				59358D0825205E2F004E39F7 /* TodaysInabaMVVMTests.swift */,
				59358D0A25205E2F004E39F7 /* Info.plist */,
			);
			path = TodaysInabaMVVMTests;
			sourceTree = "<group>";
		};
		59358D1225205E2F004E39F7 /* TodaysInabaMVVMUITests */ = {
			isa = PBXGroup;
			children = (
				59358D1325205E2F004E39F7 /* TodaysInabaMVVMUITests.swift */,
				59358D1525205E2F004E39F7 /* Info.plist */,
			);
			path = TodaysInabaMVVMUITests;
			sourceTree = "<group>";
		};
		593ED63D252E0A9D00AF0255 /* Model */ = {
			isa = PBXGroup;
			children = (
				59B382F12530E4BD00EA3E20 /* UserDefaultsModel.swift */,
			);
			path = Model;
			sourceTree = "<group>";
		};
		593ED63F252E0AAF00AF0255 /* ViewModel */ = {
			isa = PBXGroup;
			children = (
				593ED643252E0AF000AF0255 /* Top */,
				593ED644252E0AF900AF0255 /* Result */,
				593ED645252E0AFF00AF0255 /* History */,
			);
			path = ViewModel;
			sourceTree = "<group>";
		};
		593ED640252E0AB800AF0255 /* View */ = {
			isa = PBXGroup;
			children = (
				593ED641252E0ACD00AF0255 /* Top */,
				593ED642252E0AD800AF0255 /* Result */,
				593ED646252E0B0900AF0255 /* History */,
			);
			path = View;
			sourceTree = "<group>";
		};
		593ED641252E0ACD00AF0255 /* Top */ = {
			isa = PBXGroup;
			children = (
				59358CF525205E2E004E39F7 /* ViewController.swift */,
				59358CF725205E2E004E39F7 /* Main.storyboard */,
			);
			path = Top;
			sourceTree = "<group>";
		};
		593ED642252E0AD800AF0255 /* Result */ = {
			isa = PBXGroup;
			children = (
				59CE3DA1253084D2006C617B /* ResultViewController.swift */,
				59CE3DA6253084E1006C617B /* ResultViewController.storyboard */,
			);
			path = Result;
			sourceTree = "<group>";
		};
		593ED643252E0AF000AF0255 /* Top */ = {
			isa = PBXGroup;
			children = (
				59EF3108252E14D200D47DE3 /* TopViewModel.swift */,
			);
			path = Top;
			sourceTree = "<group>";
		};
		593ED644252E0AF900AF0255 /* Result */ = {
			isa = PBXGroup;
			children = (
				59CE3D9C253083B1006C617B /* ResultViewModel.swift */,
			);
			path = Result;
			sourceTree = "<group>";
		};
		593ED645252E0AFF00AF0255 /* History */ = {
			isa = PBXGroup;
			children = (
				59B3832C2531A44200EA3E20 /* HistoryViewModel.swift */,
			);
			path = History;
			sourceTree = "<group>";
		};
		593ED646252E0B0900AF0255 /* History */ = {
			isa = PBXGroup;
			children = (
				59B382F625318DB900EA3E20 /* HistoryView.swift */,
			);
			path = History;
			sourceTree = "<group>";
		};
		5973C62C269FDFD80076B0B4 /* Entity */ = {
			isa = PBXGroup;
			children = (
				59EF3112252E1C0300D47DE3 /* ImageSearch.swift */,
			);
			path = Entity;
			sourceTree = "<group>";
		};
		5973C62D269FDFE40076B0B4 /* API */ = {
			isa = PBXGroup;
			children = (
				59EF3103252E140800D47DE3 /* ImageSearchAPI.swift */,
			);
			path = API;
			sourceTree = "<group>";
		};
		5973C62E269FDFFB0076B0B4 /* Const */ = {
			isa = PBXGroup;
			children = (
				5973C62F269FE01A0076B0B4 /* APIConst.swift */,
				5973C635269FE5640076B0B4 /* TodaysInabaConst.swift */,
			);
			path = Const;
			sourceTree = "<group>";
		};
		5973C633269FE0920076B0B4 /* Repository */ = {
			isa = PBXGroup;
			children = (
				59EF310D252E187C00D47DE3 /* ImageSearchRepository.swift */,
			);
			path = Repository;
			sourceTree = "<group>";
		};
		5973C634269FE0C70076B0B4 /* Store */ = {
			isa = PBXGroup;
			children = (
				5937E216269DE9D100189BD6 /* ImageSearchStore.swift */,
			);
			path = Store;
			sourceTree = "<group>";
		};
		59B320AC26A02AA60036F35F /* Extension */ = {
			isa = PBXGroup;
			children = (
				59B3834F2531FF7100EA3E20 /* Extension+Storyboard.swift */,
			);
			path = Extension;
			sourceTree = "<group>";
		};
		63ADC2091D4A969024E1CDA7 /* Pods */ = {
			isa = PBXGroup;
			children = (
				FE6F01E32293610FF46AA2B5 /* Pods-TodaysInabaMVVM.debug.xcconfig */,
				9C823AFC976D57B9B45C2E70 /* Pods-TodaysInabaMVVM.release.xcconfig */,
				FB5532AC9DABD73FF01D0F08 /* Pods-TodaysInabaMVVM-TodaysInabaMVVMUITests.debug.xcconfig */,
				11374CB8163444956504D6F9 /* Pods-TodaysInabaMVVM-TodaysInabaMVVMUITests.release.xcconfig */,
				89357119DF5E700C79CD6091 /* Pods-TodaysInabaMVVMTests.debug.xcconfig */,
				64376916FD920ED43B25C0BE /* Pods-TodaysInabaMVVMTests.release.xcconfig */,
			);
			path = Pods;
			sourceTree = "<group>";
		};
/* End PBXGroup section */

/* Begin PBXNativeTarget section */
		59358CED25205E2E004E39F7 /* TodaysInabaMVVM */ = {
			isa = PBXNativeTarget;
			buildConfigurationList = 59358D1825205E2F004E39F7 /* Build configuration list for PBXNativeTarget "TodaysInabaMVVM" */;
			buildPhases = (
				50F1FF39E277B3720C14378B /* [CP] Check Pods Manifest.lock */,
				59358CEA25205E2E004E39F7 /* Sources */,
				59358CEB25205E2E004E39F7 /* Frameworks */,
				59358CEC25205E2E004E39F7 /* Resources */,
				C079C7C99FDE54D03BF3FD6A /* [CP] Embed Pods Frameworks */,
			);
			buildRules = (
			);
			dependencies = (
			);
			name = TodaysInabaMVVM;
			productName = TodaysInabaMVVM;
			productReference = 59358CEE25205E2E004E39F7 /* TodaysInabaMVVM.app */;
			productType = "com.apple.product-type.application";
		};
		59358D0325205E2F004E39F7 /* TodaysInabaMVVMTests */ = {
			isa = PBXNativeTarget;
			buildConfigurationList = 59358D1B25205E2F004E39F7 /* Build configuration list for PBXNativeTarget "TodaysInabaMVVMTests" */;
			buildPhases = (
				58C18D512A864235EE8245AC /* [CP] Check Pods Manifest.lock */,
				59358D0025205E2F004E39F7 /* Sources */,
				59358D0125205E2F004E39F7 /* Frameworks */,
				59358D0225205E2F004E39F7 /* Resources */,
			);
			buildRules = (
			);
			dependencies = (
				59358D0625205E2F004E39F7 /* PBXTargetDependency */,
			);
			name = TodaysInabaMVVMTests;
			productName = TodaysInabaMVVMTests;
			productReference = 59358D0425205E2F004E39F7 /* TodaysInabaMVVMTests.xctest */;
			productType = "com.apple.product-type.bundle.unit-test";
		};
		59358D0E25205E2F004E39F7 /* TodaysInabaMVVMUITests */ = {
			isa = PBXNativeTarget;
			buildConfigurationList = 59358D1E25205E2F004E39F7 /* Build configuration list for PBXNativeTarget "TodaysInabaMVVMUITests" */;
			buildPhases = (
				7C4B816831236FECFE2B556D /* [CP] Check Pods Manifest.lock */,
				59358D0B25205E2F004E39F7 /* Sources */,
				59358D0C25205E2F004E39F7 /* Frameworks */,
				59358D0D25205E2F004E39F7 /* Resources */,
				5A95ECEAE9B372533E093196 /* [CP] Embed Pods Frameworks */,
			);
			buildRules = (
			);
			dependencies = (
				59358D1125205E2F004E39F7 /* PBXTargetDependency */,
			);
			name = TodaysInabaMVVMUITests;
			productName = TodaysInabaMVVMUITests;
			productReference = 59358D0F25205E2F004E39F7 /* TodaysInabaMVVMUITests.xctest */;
			productType = "com.apple.product-type.bundle.ui-testing";
		};
/* End PBXNativeTarget section */

/* Begin PBXProject section */
		59358CE625205E2E004E39F7 /* Project object */ = {
			isa = PBXProject;
			attributes = {
				LastSwiftUpdateCheck = 1200;
				LastUpgradeCheck = 1200;
				TargetAttributes = {
					59358CED25205E2E004E39F7 = {
						CreatedOnToolsVersion = 12.0;
					};
					59358D0325205E2F004E39F7 = {
						CreatedOnToolsVersion = 12.0;
						TestTargetID = 59358CED25205E2E004E39F7;
					};
					59358D0E25205E2F004E39F7 = {
						CreatedOnToolsVersion = 12.0;
						TestTargetID = 59358CED25205E2E004E39F7;
					};
				};
			};
			buildConfigurationList = 59358CE925205E2E004E39F7 /* Build configuration list for PBXProject "TodaysInabaMVVM" */;
			compatibilityVersion = "Xcode 9.3";
			developmentRegion = en;
			hasScannedForEncodings = 0;
			knownRegions = (
				en,
				Base,
			);
			mainGroup = 59358CE525205E2E004E39F7;
			productRefGroup = 59358CEF25205E2E004E39F7 /* Products */;
			projectDirPath = "";
			projectRoot = "";
			targets = (
				59358CED25205E2E004E39F7 /* TodaysInabaMVVM */,
				59358D0325205E2F004E39F7 /* TodaysInabaMVVMTests */,
				59358D0E25205E2F004E39F7 /* TodaysInabaMVVMUITests */,
			);
		};
/* End PBXProject section */

/* Begin PBXResourcesBuildPhase section */
		59358CEC25205E2E004E39F7 /* Resources */ = {
			isa = PBXResourcesBuildPhase;
			buildActionMask = 2147483647;
			files = (
				59CE3DA7253084E1006C617B /* ResultViewController.storyboard in Resources */,
				59358CFE25205E2F004E39F7 /* LaunchScreen.storyboard in Resources */,
				59358CFB25205E2F004E39F7 /* Assets.xcassets in Resources */,
				59358CF925205E2E004E39F7 /* Main.storyboard in Resources */,
			);
			runOnlyForDeploymentPostprocessing = 0;
		};
		59358D0225205E2F004E39F7 /* Resources */ = {
			isa = PBXResourcesBuildPhase;
			buildActionMask = 2147483647;
			files = (
			);
			runOnlyForDeploymentPostprocessing = 0;
		};
		59358D0D25205E2F004E39F7 /* Resources */ = {
			isa = PBXResourcesBuildPhase;
			buildActionMask = 2147483647;
			files = (
			);
			runOnlyForDeploymentPostprocessing = 0;
		};
/* End PBXResourcesBuildPhase section */

/* Begin PBXShellScriptBuildPhase section */
		50F1FF39E277B3720C14378B /* [CP] Check Pods Manifest.lock */ = {
			isa = PBXShellScriptBuildPhase;
			buildActionMask = 2147483647;
			files = (
			);
			inputFileListPaths = (
			);
			inputPaths = (
				"${PODS_PODFILE_DIR_PATH}/Podfile.lock",
				"${PODS_ROOT}/Manifest.lock",
			);
			name = "[CP] Check Pods Manifest.lock";
			outputFileListPaths = (
			);
			outputPaths = (
				"$(DERIVED_FILE_DIR)/Pods-TodaysInabaMVVM-checkManifestLockResult.txt",
			);
			runOnlyForDeploymentPostprocessing = 0;
			shellPath = /bin/sh;
			shellScript = "diff \"${PODS_PODFILE_DIR_PATH}/Podfile.lock\" \"${PODS_ROOT}/Manifest.lock\" > /dev/null\nif [ $? != 0 ] ; then\n    # print error to STDERR\n    echo \"error: The sandbox is not in sync with the Podfile.lock. Run 'pod install' or update your CocoaPods installation.\" >&2\n    exit 1\nfi\n# This output is used by Xcode 'outputs' to avoid re-running this script phase.\necho \"SUCCESS\" > \"${SCRIPT_OUTPUT_FILE_0}\"\n";
			showEnvVarsInLog = 0;
		};
		58C18D512A864235EE8245AC /* [CP] Check Pods Manifest.lock */ = {
			isa = PBXShellScriptBuildPhase;
			buildActionMask = 2147483647;
			files = (
			);
			inputFileListPaths = (
			);
			inputPaths = (
				"${PODS_PODFILE_DIR_PATH}/Podfile.lock",
				"${PODS_ROOT}/Manifest.lock",
			);
			name = "[CP] Check Pods Manifest.lock";
			outputFileListPaths = (
			);
			outputPaths = (
				"$(DERIVED_FILE_DIR)/Pods-TodaysInabaMVVMTests-checkManifestLockResult.txt",
			);
			runOnlyForDeploymentPostprocessing = 0;
			shellPath = /bin/sh;
			shellScript = "diff \"${PODS_PODFILE_DIR_PATH}/Podfile.lock\" \"${PODS_ROOT}/Manifest.lock\" > /dev/null\nif [ $? != 0 ] ; then\n    # print error to STDERR\n    echo \"error: The sandbox is not in sync with the Podfile.lock. Run 'pod install' or update your CocoaPods installation.\" >&2\n    exit 1\nfi\n# This output is used by Xcode 'outputs' to avoid re-running this script phase.\necho \"SUCCESS\" > \"${SCRIPT_OUTPUT_FILE_0}\"\n";
			showEnvVarsInLog = 0;
		};
		5A95ECEAE9B372533E093196 /* [CP] Embed Pods Frameworks */ = {
			isa = PBXShellScriptBuildPhase;
			buildActionMask = 2147483647;
			files = (
			);
			inputFileListPaths = (
				"${PODS_ROOT}/Target Support Files/Pods-TodaysInabaMVVM-TodaysInabaMVVMUITests/Pods-TodaysInabaMVVM-TodaysInabaMVVMUITests-frameworks-${CONFIGURATION}-input-files.xcfilelist",
			);
			name = "[CP] Embed Pods Frameworks";
			outputFileListPaths = (
				"${PODS_ROOT}/Target Support Files/Pods-TodaysInabaMVVM-TodaysInabaMVVMUITests/Pods-TodaysInabaMVVM-TodaysInabaMVVMUITests-frameworks-${CONFIGURATION}-output-files.xcfilelist",
			);
			runOnlyForDeploymentPostprocessing = 0;
			shellPath = /bin/sh;
			shellScript = "\"${PODS_ROOT}/Target Support Files/Pods-TodaysInabaMVVM-TodaysInabaMVVMUITests/Pods-TodaysInabaMVVM-TodaysInabaMVVMUITests-frameworks.sh\"\n";
			showEnvVarsInLog = 0;
		};
		7C4B816831236FECFE2B556D /* [CP] Check Pods Manifest.lock */ = {
			isa = PBXShellScriptBuildPhase;
			buildActionMask = 2147483647;
			files = (
			);
			inputFileListPaths = (
			);
			inputPaths = (
				"${PODS_PODFILE_DIR_PATH}/Podfile.lock",
				"${PODS_ROOT}/Manifest.lock",
			);
			name = "[CP] Check Pods Manifest.lock";
			outputFileListPaths = (
			);
			outputPaths = (
				"$(DERIVED_FILE_DIR)/Pods-TodaysInabaMVVM-TodaysInabaMVVMUITests-checkManifestLockResult.txt",
			);
			runOnlyForDeploymentPostprocessing = 0;
			shellPath = /bin/sh;
			shellScript = "diff \"${PODS_PODFILE_DIR_PATH}/Podfile.lock\" \"${PODS_ROOT}/Manifest.lock\" > /dev/null\nif [ $? != 0 ] ; then\n    # print error to STDERR\n    echo \"error: The sandbox is not in sync with the Podfile.lock. Run 'pod install' or update your CocoaPods installation.\" >&2\n    exit 1\nfi\n# This output is used by Xcode 'outputs' to avoid re-running this script phase.\necho \"SUCCESS\" > \"${SCRIPT_OUTPUT_FILE_0}\"\n";
			showEnvVarsInLog = 0;
		};
		C079C7C99FDE54D03BF3FD6A /* [CP] Embed Pods Frameworks */ = {
			isa = PBXShellScriptBuildPhase;
			buildActionMask = 2147483647;
			files = (
			);
			inputFileListPaths = (
				"${PODS_ROOT}/Target Support Files/Pods-TodaysInabaMVVM/Pods-TodaysInabaMVVM-frameworks-${CONFIGURATION}-input-files.xcfilelist",
			);
			name = "[CP] Embed Pods Frameworks";
			outputFileListPaths = (
				"${PODS_ROOT}/Target Support Files/Pods-TodaysInabaMVVM/Pods-TodaysInabaMVVM-frameworks-${CONFIGURATION}-output-files.xcfilelist",
			);
			runOnlyForDeploymentPostprocessing = 0;
			shellPath = /bin/sh;
			shellScript = "\"${PODS_ROOT}/Target Support Files/Pods-TodaysInabaMVVM/Pods-TodaysInabaMVVM-frameworks.sh\"\n";
			showEnvVarsInLog = 0;
		};
/* End PBXShellScriptBuildPhase section */

/* Begin PBXSourcesBuildPhase section */
		59358CEA25205E2E004E39F7 /* Sources */ = {
			isa = PBXSourcesBuildPhase;
			buildActionMask = 2147483647;
			files = (
				5973C630269FE01A0076B0B4 /* APIConst.swift in Sources */,
				59358CF625205E2E004E39F7 /* ViewController.swift in Sources */,
				59358CF225205E2E004E39F7 /* AppDelegate.swift in Sources */,
				59EF3113252E1C0300D47DE3 /* ImageSearch.swift in Sources */,
				59CE3D9D253083B1006C617B /* ResultViewModel.swift in Sources */,
				59EF3109252E14D200D47DE3 /* TopViewModel.swift in Sources */,
				59B382F725318DB900EA3E20 /* HistoryView.swift in Sources */,
				5973C636269FE5640076B0B4 /* TodaysInabaConst.swift in Sources */,
				59EF3104252E140800D47DE3 /* ImageSearchAPI.swift in Sources */,
				5937E217269DE9D100189BD6 /* ImageSearchStore.swift in Sources */,
				59B3832D2531A44200EA3E20 /* HistoryViewModel.swift in Sources */,
				59EF310E252E187C00D47DE3 /* ImageSearchRepository.swift in Sources */,
				59358CF425205E2E004E39F7 /* SceneDelegate.swift in Sources */,
				59B382F22530E4BD00EA3E20 /* UserDefaultsModel.swift in Sources */,
				59B383502531FF7100EA3E20 /* Extension+Storyboard.swift in Sources */,
				59CE3DA2253084D2006C617B /* ResultViewController.swift in Sources */,
			);
			runOnlyForDeploymentPostprocessing = 0;
		};
		59358D0025205E2F004E39F7 /* Sources */ = {
			isa = PBXSourcesBuildPhase;
			buildActionMask = 2147483647;
			files = (
				59358D0925205E2F004E39F7 /* TodaysInabaMVVMTests.swift in Sources */,
			);
			runOnlyForDeploymentPostprocessing = 0;
		};
		59358D0B25205E2F004E39F7 /* Sources */ = {
			isa = PBXSourcesBuildPhase;
			buildActionMask = 2147483647;
			files = (
				59358D1425205E2F004E39F7 /* TodaysInabaMVVMUITests.swift in Sources */,
			);
			runOnlyForDeploymentPostprocessing = 0;
		};
/* End PBXSourcesBuildPhase section */

/* Begin PBXTargetDependency section */
		59358D0625205E2F004E39F7 /* PBXTargetDependency */ = {
			isa = PBXTargetDependency;
			target = 59358CED25205E2E004E39F7 /* TodaysInabaMVVM */;
			targetProxy = 59358D0525205E2F004E39F7 /* PBXContainerItemProxy */;
		};
		59358D1125205E2F004E39F7 /* PBXTargetDependency */ = {
			isa = PBXTargetDependency;
			target = 59358CED25205E2E004E39F7 /* TodaysInabaMVVM */;
			targetProxy = 59358D1025205E2F004E39F7 /* PBXContainerItemProxy */;
		};
/* End PBXTargetDependency section */

/* Begin PBXVariantGroup section */
		59358CF725205E2E004E39F7 /* Main.storyboard */ = {
			isa = PBXVariantGroup;
			children = (
				59358CF825205E2E004E39F7 /* Base */,
			);
			name = Main.storyboard;
			sourceTree = "<group>";
		};
		59358CFC25205E2F004E39F7 /* LaunchScreen.storyboard */ = {
			isa = PBXVariantGroup;
			children = (
				59358CFD25205E2F004E39F7 /* Base */,
			);
			name = LaunchScreen.storyboard;
			sourceTree = "<group>";
		};
/* End PBXVariantGroup section */

/* Begin XCBuildConfiguration section */
		59358D1625205E2F004E39F7 /* Debug */ = {
			isa = XCBuildConfiguration;
			buildSettings = {
				ALWAYS_SEARCH_USER_PATHS = NO;
				CLANG_ANALYZER_NONNULL = YES;
				CLANG_ANALYZER_NUMBER_OBJECT_CONVERSION = YES_AGGRESSIVE;
				CLANG_CXX_LANGUAGE_STANDARD = "gnu++14";
				CLANG_CXX_LIBRARY = "libc++";
				CLANG_ENABLE_MODULES = YES;
				CLANG_ENABLE_OBJC_ARC = YES;
				CLANG_ENABLE_OBJC_WEAK = YES;
				CLANG_WARN_BLOCK_CAPTURE_AUTORELEASING = YES;
				CLANG_WARN_BOOL_CONVERSION = YES;
				CLANG_WARN_COMMA = YES;
				CLANG_WARN_CONSTANT_CONVERSION = YES;
				CLANG_WARN_DEPRECATED_OBJC_IMPLEMENTATIONS = YES;
				CLANG_WARN_DIRECT_OBJC_ISA_USAGE = YES_ERROR;
				CLANG_WARN_DOCUMENTATION_COMMENTS = YES;
				CLANG_WARN_EMPTY_BODY = YES;
				CLANG_WARN_ENUM_CONVERSION = YES;
				CLANG_WARN_INFINITE_RECURSION = YES;
				CLANG_WARN_INT_CONVERSION = YES;
				CLANG_WARN_NON_LITERAL_NULL_CONVERSION = YES;
				CLANG_WARN_OBJC_IMPLICIT_RETAIN_SELF = YES;
				CLANG_WARN_OBJC_LITERAL_CONVERSION = YES;
				CLANG_WARN_OBJC_ROOT_CLASS = YES_ERROR;
				CLANG_WARN_QUOTED_INCLUDE_IN_FRAMEWORK_HEADER = YES;
				CLANG_WARN_RANGE_LOOP_ANALYSIS = YES;
				CLANG_WARN_STRICT_PROTOTYPES = YES;
				CLANG_WARN_SUSPICIOUS_MOVE = YES;
				CLANG_WARN_UNGUARDED_AVAILABILITY = YES_AGGRESSIVE;
				CLANG_WARN_UNREACHABLE_CODE = YES;
				CLANG_WARN__DUPLICATE_METHOD_MATCH = YES;
				COPY_PHASE_STRIP = NO;
				DEBUG_INFORMATION_FORMAT = dwarf;
				ENABLE_STRICT_OBJC_MSGSEND = YES;
				ENABLE_TESTABILITY = YES;
				GCC_C_LANGUAGE_STANDARD = gnu11;
				GCC_DYNAMIC_NO_PIC = NO;
				GCC_NO_COMMON_BLOCKS = YES;
				GCC_OPTIMIZATION_LEVEL = 0;
				GCC_PREPROCESSOR_DEFINITIONS = (
					"DEBUG=1",
					"$(inherited)",
				);
				GCC_WARN_64_TO_32_BIT_CONVERSION = YES;
				GCC_WARN_ABOUT_RETURN_TYPE = YES_ERROR;
				GCC_WARN_UNDECLARED_SELECTOR = YES;
				GCC_WARN_UNINITIALIZED_AUTOS = YES_AGGRESSIVE;
				GCC_WARN_UNUSED_FUNCTION = YES;
				GCC_WARN_UNUSED_VARIABLE = YES;
				IPHONEOS_DEPLOYMENT_TARGET = 14.0;
				MTL_ENABLE_DEBUG_INFO = INCLUDE_SOURCE;
				MTL_FAST_MATH = YES;
				ONLY_ACTIVE_ARCH = YES;
				SDKROOT = iphoneos;
				SWIFT_ACTIVE_COMPILATION_CONDITIONS = DEBUG;
				SWIFT_OPTIMIZATION_LEVEL = "-Onone";
			};
			name = Debug;
		};
		59358D1725205E2F004E39F7 /* Release */ = {
			isa = XCBuildConfiguration;
			buildSettings = {
				ALWAYS_SEARCH_USER_PATHS = NO;
				CLANG_ANALYZER_NONNULL = YES;
				CLANG_ANALYZER_NUMBER_OBJECT_CONVERSION = YES_AGGRESSIVE;
				CLANG_CXX_LANGUAGE_STANDARD = "gnu++14";
				CLANG_CXX_LIBRARY = "libc++";
				CLANG_ENABLE_MODULES = YES;
				CLANG_ENABLE_OBJC_ARC = YES;
				CLANG_ENABLE_OBJC_WEAK = YES;
				CLANG_WARN_BLOCK_CAPTURE_AUTORELEASING = YES;
				CLANG_WARN_BOOL_CONVERSION = YES;
				CLANG_WARN_COMMA = YES;
				CLANG_WARN_CONSTANT_CONVERSION = YES;
				CLANG_WARN_DEPRECATED_OBJC_IMPLEMENTATIONS = YES;
				CLANG_WARN_DIRECT_OBJC_ISA_USAGE = YES_ERROR;
				CLANG_WARN_DOCUMENTATION_COMMENTS = YES;
				CLANG_WARN_EMPTY_BODY = YES;
				CLANG_WARN_ENUM_CONVERSION = YES;
				CLANG_WARN_INFINITE_RECURSION = YES;
				CLANG_WARN_INT_CONVERSION = YES;
				CLANG_WARN_NON_LITERAL_NULL_CONVERSION = YES;
				CLANG_WARN_OBJC_IMPLICIT_RETAIN_SELF = YES;
				CLANG_WARN_OBJC_LITERAL_CONVERSION = YES;
				CLANG_WARN_OBJC_ROOT_CLASS = YES_ERROR;
				CLANG_WARN_QUOTED_INCLUDE_IN_FRAMEWORK_HEADER = YES;
				CLANG_WARN_RANGE_LOOP_ANALYSIS = YES;
				CLANG_WARN_STRICT_PROTOTYPES = YES;
				CLANG_WARN_SUSPICIOUS_MOVE = YES;
				CLANG_WARN_UNGUARDED_AVAILABILITY = YES_AGGRESSIVE;
				CLANG_WARN_UNREACHABLE_CODE = YES;
				CLANG_WARN__DUPLICATE_METHOD_MATCH = YES;
				COPY_PHASE_STRIP = NO;
				DEBUG_INFORMATION_FORMAT = "dwarf-with-dsym";
				ENABLE_NS_ASSERTIONS = NO;
				ENABLE_STRICT_OBJC_MSGSEND = YES;
				GCC_C_LANGUAGE_STANDARD = gnu11;
				GCC_NO_COMMON_BLOCKS = YES;
				GCC_WARN_64_TO_32_BIT_CONVERSION = YES;
				GCC_WARN_ABOUT_RETURN_TYPE = YES_ERROR;
				GCC_WARN_UNDECLARED_SELECTOR = YES;
				GCC_WARN_UNINITIALIZED_AUTOS = YES_AGGRESSIVE;
				GCC_WARN_UNUSED_FUNCTION = YES;
				GCC_WARN_UNUSED_VARIABLE = YES;
				IPHONEOS_DEPLOYMENT_TARGET = 14.0;
				MTL_ENABLE_DEBUG_INFO = NO;
				MTL_FAST_MATH = YES;
				SDKROOT = iphoneos;
				SWIFT_COMPILATION_MODE = wholemodule;
				SWIFT_OPTIMIZATION_LEVEL = "-O";
				VALIDATE_PRODUCT = YES;
			};
			name = Release;
		};
		59358D1925205E2F004E39F7 /* Debug */ = {
			isa = XCBuildConfiguration;
			baseConfigurationReference = FE6F01E32293610FF46AA2B5 /* Pods-TodaysInabaMVVM.debug.xcconfig */;
			buildSettings = {
				ASSETCATALOG_COMPILER_APPICON_NAME = AppIcon;
				ASSETCATALOG_COMPILER_GLOBAL_ACCENT_COLOR_NAME = AccentColor;
				CODE_SIGN_STYLE = Automatic;
				DEVELOPMENT_TEAM = 37MFDT4LMQ;
				INFOPLIST_FILE = TodaysInabaMVVM/Info.plist;
				IPHONEOS_DEPLOYMENT_TARGET = 14.0;
				LD_RUNPATH_SEARCH_PATHS = (
					"$(inherited)",
					"@executable_path/Frameworks",
				);
				PRODUCT_BUNDLE_IDENTIFIER = com.fuksae.TodaysInabaMVVM;
				PRODUCT_NAME = "$(TARGET_NAME)";
				SWIFT_VERSION = 5.0;
				TARGETED_DEVICE_FAMILY = "1,2";
			};
			name = Debug;
		};
		59358D1A25205E2F004E39F7 /* Release */ = {
			isa = XCBuildConfiguration;
			baseConfigurationReference = 9C823AFC976D57B9B45C2E70 /* Pods-TodaysInabaMVVM.release.xcconfig */;
			buildSettings = {
				ASSETCATALOG_COMPILER_APPICON_NAME = AppIcon;
				ASSETCATALOG_COMPILER_GLOBAL_ACCENT_COLOR_NAME = AccentColor;
				CODE_SIGN_STYLE = Automatic;
				DEVELOPMENT_TEAM = 37MFDT4LMQ;
				INFOPLIST_FILE = TodaysInabaMVVM/Info.plist;
				IPHONEOS_DEPLOYMENT_TARGET = 14.0;
				LD_RUNPATH_SEARCH_PATHS = (
					"$(inherited)",
					"@executable_path/Frameworks",
				);
				PRODUCT_BUNDLE_IDENTIFIER = com.fuksae.TodaysInabaMVVM;
				PRODUCT_NAME = "$(TARGET_NAME)";
				SWIFT_VERSION = 5.0;
				TARGETED_DEVICE_FAMILY = "1,2";
			};
			name = Release;
		};
		59358D1C25205E2F004E39F7 /* Debug */ = {
			isa = XCBuildConfiguration;
			baseConfigurationReference = 89357119DF5E700C79CD6091 /* Pods-TodaysInabaMVVMTests.debug.xcconfig */;
			buildSettings = {
				ALWAYS_EMBED_SWIFT_STANDARD_LIBRARIES = YES;
				BUNDLE_LOADER = "$(TEST_HOST)";
				CODE_SIGN_STYLE = Automatic;
				DEVELOPMENT_TEAM = G8Q84RGJJC;
				INFOPLIST_FILE = TodaysInabaMVVMTests/Info.plist;
				IPHONEOS_DEPLOYMENT_TARGET = 14.0;
				LD_RUNPATH_SEARCH_PATHS = (
					"$(inherited)",
					"@executable_path/Frameworks",
					"@loader_path/Frameworks",
				);
				PRODUCT_BUNDLE_IDENTIFIER = com.fuksae.TodaysInabaMVVMTests;
				PRODUCT_NAME = "$(TARGET_NAME)";
				SWIFT_VERSION = 5.0;
				TARGETED_DEVICE_FAMILY = "1,2";
				TEST_HOST = "$(BUILT_PRODUCTS_DIR)/TodaysInabaMVVM.app/TodaysInabaMVVM";
			};
			name = Debug;
		};
		59358D1D25205E2F004E39F7 /* Release */ = {
			isa = XCBuildConfiguration;
			baseConfigurationReference = 64376916FD920ED43B25C0BE /* Pods-TodaysInabaMVVMTests.release.xcconfig */;
			buildSettings = {
				ALWAYS_EMBED_SWIFT_STANDARD_LIBRARIES = YES;
				BUNDLE_LOADER = "$(TEST_HOST)";
				CODE_SIGN_STYLE = Automatic;
				DEVELOPMENT_TEAM = G8Q84RGJJC;
				INFOPLIST_FILE = TodaysInabaMVVMTests/Info.plist;
				IPHONEOS_DEPLOYMENT_TARGET = 14.0;
				LD_RUNPATH_SEARCH_PATHS = (
					"$(inherited)",
					"@executable_path/Frameworks",
					"@loader_path/Frameworks",
				);
				PRODUCT_BUNDLE_IDENTIFIER = com.fuksae.TodaysInabaMVVMTests;
				PRODUCT_NAME = "$(TARGET_NAME)";
				SWIFT_VERSION = 5.0;
				TARGETED_DEVICE_FAMILY = "1,2";
				TEST_HOST = "$(BUILT_PRODUCTS_DIR)/TodaysInabaMVVM.app/TodaysInabaMVVM";
			};
			name = Release;
		};
		59358D1F25205E2F004E39F7 /* Debug */ = {
			isa = XCBuildConfiguration;
			baseConfigurationReference = FB5532AC9DABD73FF01D0F08 /* Pods-TodaysInabaMVVM-TodaysInabaMVVMUITests.debug.xcconfig */;
			buildSettings = {
				ALWAYS_EMBED_SWIFT_STANDARD_LIBRARIES = YES;
				CODE_SIGN_STYLE = Automatic;
				DEVELOPMENT_TEAM = G8Q84RGJJC;
				INFOPLIST_FILE = TodaysInabaMVVMUITests/Info.plist;
				LD_RUNPATH_SEARCH_PATHS = (
					"$(inherited)",
					"@executable_path/Frameworks",
					"@loader_path/Frameworks",
				);
				PRODUCT_BUNDLE_IDENTIFIER = com.fuksae.TodaysInabaMVVMUITests;
				PRODUCT_NAME = "$(TARGET_NAME)";
				SWIFT_VERSION = 5.0;
				TARGETED_DEVICE_FAMILY = "1,2";
				TEST_TARGET_NAME = TodaysInabaMVVM;
			};
			name = Debug;
		};
		59358D2025205E2F004E39F7 /* Release */ = {
			isa = XCBuildConfiguration;
			baseConfigurationReference = 11374CB8163444956504D6F9 /* Pods-TodaysInabaMVVM-TodaysInabaMVVMUITests.release.xcconfig */;
			buildSettings = {
				ALWAYS_EMBED_SWIFT_STANDARD_LIBRARIES = YES;
				CODE_SIGN_STYLE = Automatic;
				DEVELOPMENT_TEAM = G8Q84RGJJC;
				INFOPLIST_FILE = TodaysInabaMVVMUITests/Info.plist;
				LD_RUNPATH_SEARCH_PATHS = (
					"$(inherited)",
					"@executable_path/Frameworks",
					"@loader_path/Frameworks",
				);
				PRODUCT_BUNDLE_IDENTIFIER = com.fuksae.TodaysInabaMVVMUITests;
				PRODUCT_NAME = "$(TARGET_NAME)";
				SWIFT_VERSION = 5.0;
				TARGETED_DEVICE_FAMILY = "1,2";
				TEST_TARGET_NAME = TodaysInabaMVVM;
			};
			name = Release;
		};
/* End XCBuildConfiguration section */

/* Begin XCConfigurationList section */
		59358CE925205E2E004E39F7 /* Build configuration list for PBXProject "TodaysInabaMVVM" */ = {
			isa = XCConfigurationList;
			buildConfigurations = (
				59358D1625205E2F004E39F7 /* Debug */,
				59358D1725205E2F004E39F7 /* Release */,
			);
			defaultConfigurationIsVisible = 0;
			defaultConfigurationName = Release;
		};
		59358D1825205E2F004E39F7 /* Build configuration list for PBXNativeTarget "TodaysInabaMVVM" */ = {
			isa = XCConfigurationList;
			buildConfigurations = (
				59358D1925205E2F004E39F7 /* Debug */,
				59358D1A25205E2F004E39F7 /* Release */,
			);
			defaultConfigurationIsVisible = 0;
			defaultConfigurationName = Release;
		};
		59358D1B25205E2F004E39F7 /* Build configuration list for PBXNativeTarget "TodaysInabaMVVMTests" */ = {
			isa = XCConfigurationList;
			buildConfigurations = (
				59358D1C25205E2F004E39F7 /* Debug */,
				59358D1D25205E2F004E39F7 /* Release */,
			);
			defaultConfigurationIsVisible = 0;
			defaultConfigurationName = Release;
		};
		59358D1E25205E2F004E39F7 /* Build configuration list for PBXNativeTarget "TodaysInabaMVVMUITests" */ = {
			isa = XCConfigurationList;
			buildConfigurations = (
				59358D1F25205E2F004E39F7 /* Debug */,
				59358D2025205E2F004E39F7 /* Release */,
			);
			defaultConfigurationIsVisible = 0;
			defaultConfigurationName = Release;
		};
/* End XCConfigurationList section */
	};
	rootObject = 59358CE625205E2E004E39F7 /* Project object */;
}
